# This is a Gradle generated file for dependency locking.
# Manual edits can break the build and are not advised.
# This file is expected to be part of source control.
bundledModule:intellij-platform-test-runtime:IU-262.9437.185=intellijPlatformTestRuntimeFixClasspath
bundledModule:intellij.libraries.jcef:IU-262.9437.185=compileClasspath,intellijPlatformTestClasspath,testCompileClasspath
bundledModule:intellij.platform.ui.jcef:IU-262.9437.185=compileClasspath,intellijPlatformTestClasspath,testCompileClasspath
com.google.code.gson:gson:2.13.1=intellijPlatformComposedJar,intellijPlatformRuntimeClasspath,intellijPlatformTestRuntimeClasspath,runtimeClasspath,testRuntimeClasspath
com.google.errorprone:error_prone_annotations:2.38.0=intellijPlatformComposedJar,intellijPlatformRuntimeClasspath,intellijPlatformTestRuntimeClasspath,runtimeClasspath,testRuntimeClasspath
com.jetbrains.intellij.java:java-compiler-ant-tasks:262.9437.185=intellijPlatformJavaCompiler
com.jetbrains.intellij.java:java-compiler-instrumentation-util-java8:262.9437.185=intellijPlatformJavaCompiler
com.jetbrains.intellij.java:java-compiler-instrumentation-util:262.9437.185=intellijPlatformJavaCompiler
com.jetbrains.intellij.java:java-gui-forms-compiler:262.9437.185=intellijPlatformJavaCompiler
com.jetbrains.intellij.java:java-gui-forms-rt:262.9437.185=intellijPlatformJavaCompiler
com.jetbrains.intellij.platform:util-jdom:262.9437.185=intellijPlatformJavaCompiler
com.jgoodies:forms:1.1-preview=intellijPlatformJavaCompiler
idea:idea:2026.2.1=compileClasspath,intellijPlatformClasspath,intellijPlatformDependency,intellijPlatformTestClasspath,testCompileClasspath
jaxen:jaxen:1.2.0=intellijPlatformJavaCompiler
org.apiguardian:apiguardian-api:1.1.2=testCompileClasspath
org.jetbrains.intellij.deps:asm-all:9.6.1=intellijPlatformJavaCompiler
org.jetbrains.kotlin:kotlin-build-tools-api:2.4.10=kotlinBuildToolsApiClasspath
org.jetbrains.kotlin:kotlin-build-tools-compat:2.4.10=kotlinBuildToolsApiClasspath
org.jetbrains.kotlin:kotlin-build-tools-cri-impl:2.4.10=kotlinBuildToolsApiClasspath
org.jetbrains.kotlin:kotlin-build-tools-impl:2.4.10=kotlinBuildToolsApiClasspath
org.jetbrains.kotlin:kotlin-compiler-embeddable:2.4.10=kotlinBuildToolsApiClasspath
org.jetbrains.kotlin:kotlin-compiler-runner:2.4.10=kotlinBuildToolsApiClasspath
org.jetbrains.kotlin:kotlin-daemon-client:2.4.10=kotlinBuildToolsApiClasspath
org.jetbrains.kotlin:kotlin-daemon-embeddable:2.4.10=kotlinBuildToolsApiClasspath
org.jetbrains.kotlin:kotlin-reflect:1.6.10=kotlinBuildToolsApiClasspath
org.jetbrains.kotlin:kotlin-script-runtime:2.4.10=kotlinBuildToolsApiClasspath,kotlinCompilerPluginClasspathMain,kotlinCompilerPluginClasspathTest
org.jetbrains.kotlin:kotlin-scripting-common:2.4.10=kotlinCompilerPluginClasspathMain,kotlinCompilerPluginClasspathTest
org.jetbrains.kotlin:kotlin-scripting-compiler-embeddable:2.4.10=kotlinCompilerPluginClasspathMain,kotlinCompilerPluginClasspathTest
org.jetbrains.kotlin:kotlin-scripting-compiler-impl-embeddable:2.4.10=kotlinCompilerPluginClasspathMain,kotlinCompilerPluginClasspathTest
org.jetbrains.kotlin:kotlin-scripting-jvm:2.4.10=kotlinCompilerPluginClasspathMain,kotlinCompilerPluginClasspathTest
org.jetbrains.kotlin:kotlin-stdlib:2.4.10=kotlinBuildToolsApiClasspath,kotlinCompilerPluginClasspathMain,kotlinCompilerPluginClasspathTest
org.jetbrains.kotlin:kotlin-tooling-core:2.4.10=kotlinBuildToolsApiClasspath
org.jetbrains.kotlinx:kotlinx-coroutines-core-jvm:1.8.0=kotlinBuildToolsApiClasspath
org.jetbrains:annotations:13.0=kotlinBuildToolsApiClasspath,kotlinCompilerPluginClasspathMain,kotlinCompilerPluginClasspathTest
org.jetbrains:annotations:26.0.2=intellijPlatformJavaCompiler
org.jsoup:jsoup:1.23.2=intellijPlatformRuntimeClasspath,intellijPlatformTestRuntimeClasspath,runtimeClasspath,testRuntimeClasspath
org.jspecify:jspecify:1.0.1=intellijPlatformRuntimeClasspath,intellijPlatformTestRuntimeClasspath,runtimeClasspath,testRuntimeClasspath
org.junit.jupiter:junit-jupiter-api:5.13.4=intellijPlatformTestRuntimeClasspath,testCompileClasspath,testRuntimeClasspath
org.junit.jupiter:junit-jupiter-engine:5.13.4=intellijPlatformTestRuntimeClasspath,testRuntimeClasspath
org.junit.jupiter:junit-jupiter-params:5.13.4=intellijPlatformTestRuntimeClasspath,testCompileClasspath,testRuntimeClasspath
org.junit.jupiter:junit-jupiter:5.13.4=intellijPlatformTestRuntimeClasspath,testCompileClasspath,testRuntimeClasspath
org.junit.platform:junit-platform-commons:1.13.4=intellijPlatformTestRuntimeClasspath,testCompileClasspath,testRuntimeClasspath
org.junit.platform:junit-platform-engine:1.13.4=intellijPlatformTestRuntimeClasspath,testRuntimeClasspath
org.junit.platform:junit-platform-launcher:1.13.4=intellijPlatformTestRuntimeClasspath,testRuntimeClasspath
org.junit:junit-bom:5.13.4=intellijPlatformTestRuntimeClasspath,testCompileClasspath,testRuntimeClasspath
org.opentest4j:opentest4j:1.3.0=intellijPlatformTestRuntimeClasspath,testCompileClasspath,testRuntimeClasspath
empty=intellijPlatformBackendPluginModuleDependencies,intellijPlatformPlugin,intellijPlatformPluginComposedModule,intellijPlatformPluginModule,jetbrainsRuntime,kotlinScriptDefExtensions,testKotlinScriptDefExtensions
